
Microsoft Visual Studio Solution File, Format Version 12.00
# Visual Studio Version 17
VisualStudioVersion = 17.13.35818.85 d17.13
MinimumVisualStudioVersion = 10.0.40219.1
Project("{8BC9CEB8-8B4A-11D0-8D11-00A0C91BC942}") = "3D-Model-Viewer-OpenGL", "3D-Model-Viewer-OpenGL\3D-Model-Viewer-OpenGL.vcxproj", "{8F01F30E-70E6-400C-9FCB-4A25DE122BDA}"
EndProject
Project("{8BC9CEB8-8B4A-11D0-8D11-00A0C91BC942}") = "SDL3", "3D-Model-Viewer-OpenGL\Includes\SDL3\VisualC\SDL\SDL.vcxproj", "{81CE8DAF-EBB2-4761-8E45-B71ABCCA8C68}"
EndProject
Global
	GlobalSection(SolutionConfigurationPlatforms) = preSolution
		Debug|x64 = Debug|x64
		Debug|x86 = Debug|x86
		Release|x64 = Release|x64
		Release|x86 = Release|x86
	EndGlobalSection
	GlobalSection(ProjectConfigurationPlatforms) = postSolution
		{8F01F30E-70E6-400C-9FCB-4A25DE122BDA}.Debug|x64.ActiveCfg = Debug|x64
		{8F01F30E-70E6-400C-9FCB-4A25DE122BDA}.Debug|x64.Build.0 = Debug|x64
		{8F01F30E-70E6-400C-9FCB-4A25DE122BDA}.Debug|x86.ActiveCfg = Debug|Win32
		{8F01F30E-70E6-400C-9FCB-4A25DE122BDA}.Debug|x86.Build.0 = Debug|Win32
		{8F01F30E-70E6-400C-9FCB-4A25DE122BDA}.Release|x64.ActiveCfg = Release|x64
		{8F01F30E-70E6-400C-9FCB-4A25DE122BDA}.Release|x64.Build.0 = Release|x64
		{8F01F30E-70E6-400C-9FCB-4A25DE122BDA}.Release|x86.ActiveCfg = Release|Win32
		{8F01F30E-70E6-400C-9FCB-4A25DE122BDA}.Release|x86.Build.0 = Release|Win32
		{81CE8DAF-EBB2-4761-8E45-B71ABCCA8C68}.Debug|x64.ActiveCfg = Debug|x64
		{81CE8DAF-EBB2-4761-8E45-B71ABCCA8C68}.Debug|x64.Build.0 = Debug|x64
		{81CE8DAF-EBB2-4761-8E45-B71ABCCA8C68}.Debug|x86.ActiveCfg = Debug|Win32
		{81CE8DAF-EBB2-4761-8E45-B71ABCCA8C68}.Debug|x86.Build.0 = Debug|Win32
		{81CE8DAF-EBB2-4761-8E45-B71ABCCA8C68}.Release|x64.ActiveCfg = Release|x64
		{81CE8DAF-EBB2-4761-8E45-B71ABCCA8C68}.Release|x64.Build.0 = Release|x64
		{81CE8DAF-EBB2-4761-8E45-B71ABCCA8C68}.Release|x86.ActiveCfg = Release|Win32
		{81CE8DAF-EBB2-4761-8E45-B71ABCCA8C68}.Release|x86.Build.0 = Release|Win32
	EndGlobalSection
	GlobalSection(SolutionProperties) = preSolution
		HideSolutionNode = FALSE
	EndGlobalSection
	GlobalSection(ExtensibilityGlobals) = postSolution
		SolutionGuid = {B45AB696-C827-41AB-82AF-B697E97F838F}
	EndGlobalSection
EndGlobal
